
Microsoft Visual Studio Solution File, Format Version 12.00
# Visual Studio Version 17
VisualStudioVersion = 17.5.33103.201
MinimumVisualStudioVersion = 10.0.40219.1
Project("{FAE04EC0-301F-11D3-BF4B-00C04F79EFBC}") = "TestingAbstractStatic", "TestingAbstractStatic\TestingAbstractStatic.csproj", "{F08AE9AF-A556-4C0C-B5E0-C54FC90E74EF}"
EndProject
Global
	GlobalSection(SolutionConfigurationPlatforms) = preSolution
		Debug|Any CPU = Debug|Any CPU
		Release|Any CPU = Release|Any CPU
	EndGlobalSection
	GlobalSection(ProjectConfigurationPlatforms) = postSolution
		{F08AE9AF-A556-4C0C-B5E0-C54FC90E74EF}.Debug|Any CPU.ActiveCfg = Debug|Any CPU
		{F08AE9AF-A556-4C0C-B5E0-C54FC90E74EF}.Debug|Any CPU.Build.0 = Debug|Any CPU
		{F08AE9AF-A556-4C0C-B5E0-C54FC90E74EF}.Release|Any CPU.ActiveCfg = Release|Any CPU
		{F08AE9AF-A556-4C0C-B5E0-C54FC90E74EF}.Release|Any CPU.Build.0 = Release|Any CPU
	EndGlobalSection
	GlobalSection(SolutionProperties) = preSolution
		HideSolutionNode = FALSE
	EndGlobalSection
	GlobalSection(ExtensibilityGlobals) = postSolution
		SolutionGuid = {595C8F12-EB55-4033-A895-57E030328AB1}
	EndGlobalSection
EndGlobal
